
Microsoft Visual Studio Solution File, Format Version 12.00
# Visual Studio Version 17
VisualStudioVersion = 17.9.34622.214
MinimumVisualStudioVersion = 10.0.40219.1
Project("{9A19103F-16F7-4668-BE54-9A1E7A4F7556}") = "Data", "Data\Data.csproj", "{45D61351-2535-4062-A9C6-D3618BCD2EEB}"
EndProject
Project("{9A19103F-16F7-4668-BE54-9A1E7A4F7556}") = "Application", "Application\Application.csproj", "{C93716DB-3CCD-47FC-8D66-85C23845467B}"
EndProject
Project("{9A19103F-16F7-4668-BE54-9A1E7A4F7556}") = "Domain", "Domain\Domain.csproj", "{7CC563B1-E97E-48FB-9C9F-57BBFA490BC1}"
EndProject
Project("{9A19103F-16F7-4668-BE54-9A1E7A4F7556}") = "API", "API\API.csproj", "{DBEA7AE7-27C1-45E8-BDC3-DFA326E407EA}"
EndProject
Project("{2150E333-8FDC-42A3-9474-1A3956D46DE8}") = "Solution Items", "Solution Items", "{C84E88F8-8A04-416D-AC45-9F3CB3DFBA79}"
	ProjectSection(SolutionItems) = preProject
		docker-compose.yml = docker-compose.yml
	EndProjectSection
EndProject
Project("{9A19103F-16F7-4668-BE54-9A1E7A4F7556}") = "UnitTest", "UnitTest\UnitTest.csproj", "{9C1A1F9D-147B-43D2-84D8-1CB8BA1DDA9A}"
EndProject
Project("{FAE04EC0-301F-11D3-BF4B-00C04F79EFBC}") = "PriceService.Specs", "PriceService.Specs\PriceService.Specs.csproj", "{30FFDECC-126B-4C31-BD3C-08FE3298FB50}"
EndProject
Project("{FAE04EC0-301F-11D3-BF4B-00C04F79EFBC}") = "ValidateTime.Specs", "ValidateTime.Specs\ValidateTime.Specs.csproj", "{EA7B9CA0-6C44-455F-83B0-179ED08A50F4}"
EndProject
Project("{FAE04EC0-301F-11D3-BF4B-00C04F79EFBC}") = "BookBus.Specs", "BookBus.Specs\BookBus.Specs.csproj", "{47DAAB08-C3D4-4FE1-9928-7655A1BBA057}"
EndProject
Project("{FAE04EC0-301F-11D3-BF4B-00C04F79EFBC}") = "GetAvailableBus.Specs", "GetAvailableBus.Specs\GetAvailableBus.Specs.csproj", "{6CAF0F6D-357E-434D-83D4-F2519B2C9A4B}"
EndProject
Global
	GlobalSection(SolutionConfigurationPlatforms) = preSolution
		Debug|Any CPU = Debug|Any CPU
		Release|Any CPU = Release|Any CPU
	EndGlobalSection
	GlobalSection(ProjectConfigurationPlatforms) = postSolution
		{45D61351-2535-4062-A9C6-D3618BCD2EEB}.Debug|Any CPU.ActiveCfg = Debug|Any CPU
		{45D61351-2535-4062-A9C6-D3618BCD2EEB}.Debug|Any CPU.Build.0 = Debug|Any CPU
		{45D61351-2535-4062-A9C6-D3618BCD2EEB}.Release|Any CPU.ActiveCfg = Release|Any CPU
		{45D61351-2535-4062-A9C6-D3618BCD2EEB}.Release|Any CPU.Build.0 = Release|Any CPU
		{C93716DB-3CCD-47FC-8D66-85C23845467B}.Debug|Any CPU.ActiveCfg = Debug|Any CPU
		{C93716DB-3CCD-47FC-8D66-85C23845467B}.Debug|Any CPU.Build.0 = Debug|Any CPU
		{C93716DB-3CCD-47FC-8D66-85C23845467B}.Release|Any CPU.ActiveCfg = Release|Any CPU
		{C93716DB-3CCD-47FC-8D66-85C23845467B}.Release|Any CPU.Build.0 = Release|Any CPU
		{7CC563B1-E97E-48FB-9C9F-57BBFA490BC1}.Debug|Any CPU.ActiveCfg = Debug|Any CPU
		{7CC563B1-E97E-48FB-9C9F-57BBFA490BC1}.Debug|Any CPU.Build.0 = Debug|Any CPU
		{7CC563B1-E97E-48FB-9C9F-57BBFA490BC1}.Release|Any CPU.ActiveCfg = Release|Any CPU
		{7CC563B1-E97E-48FB-9C9F-57BBFA490BC1}.Release|Any CPU.Build.0 = Release|Any CPU
		{DBEA7AE7-27C1-45E8-BDC3-DFA326E407EA}.Debug|Any CPU.ActiveCfg = Debug|Any CPU
		{DBEA7AE7-27C1-45E8-BDC3-DFA326E407EA}.Debug|Any CPU.Build.0 = Debug|Any CPU
		{DBEA7AE7-27C1-45E8-BDC3-DFA326E407EA}.Release|Any CPU.ActiveCfg = Release|Any CPU
		{DBEA7AE7-27C1-45E8-BDC3-DFA326E407EA}.Release|Any CPU.Build.0 = Release|Any CPU
		{9C1A1F9D-147B-43D2-84D8-1CB8BA1DDA9A}.Debug|Any CPU.ActiveCfg = Debug|Any CPU
		{9C1A1F9D-147B-43D2-84D8-1CB8BA1DDA9A}.Debug|Any CPU.Build.0 = Debug|Any CPU
		{9C1A1F9D-147B-43D2-84D8-1CB8BA1DDA9A}.Release|Any CPU.ActiveCfg = Release|Any CPU
		{9C1A1F9D-147B-43D2-84D8-1CB8BA1DDA9A}.Release|Any CPU.Build.0 = Release|Any CPU
		{30FFDECC-126B-4C31-BD3C-08FE3298FB50}.Debug|Any CPU.ActiveCfg = Debug|Any CPU
		{30FFDECC-126B-4C31-BD3C-08FE3298FB50}.Debug|Any CPU.Build.0 = Debug|Any CPU
		{30FFDECC-126B-4C31-BD3C-08FE3298FB50}.Release|Any CPU.ActiveCfg = Release|Any CPU
		{30FFDECC-126B-4C31-BD3C-08FE3298FB50}.Release|Any CPU.Build.0 = Release|Any CPU
		{EA7B9CA0-6C44-455F-83B0-179ED08A50F4}.Debug|Any CPU.ActiveCfg = Debug|Any CPU
		{EA7B9CA0-6C44-455F-83B0-179ED08A50F4}.Debug|Any CPU.Build.0 = Debug|Any CPU
		{EA7B9CA0-6C44-455F-83B0-179ED08A50F4}.Release|Any CPU.ActiveCfg = Release|Any CPU
		{EA7B9CA0-6C44-455F-83B0-179ED08A50F4}.Release|Any CPU.Build.0 = Release|Any CPU
		{47DAAB08-C3D4-4FE1-9928-7655A1BBA057}.Debug|Any CPU.ActiveCfg = Debug|Any CPU
		{47DAAB08-C3D4-4FE1-9928-7655A1BBA057}.Debug|Any CPU.Build.0 = Debug|Any CPU
		{47DAAB08-C3D4-4FE1-9928-7655A1BBA057}.Release|Any CPU.ActiveCfg = Release|Any CPU
		{47DAAB08-C3D4-4FE1-9928-7655A1BBA057}.Release|Any CPU.Build.0 = Release|Any CPU
		{6CAF0F6D-357E-434D-83D4-F2519B2C9A4B}.Debug|Any CPU.ActiveCfg = Debug|Any CPU
		{6CAF0F6D-357E-434D-83D4-F2519B2C9A4B}.Debug|Any CPU.Build.0 = Debug|Any CPU
		{6CAF0F6D-357E-434D-83D4-F2519B2C9A4B}.Release|Any CPU.ActiveCfg = Release|Any CPU
		{6CAF0F6D-357E-434D-83D4-F2519B2C9A4B}.Release|Any CPU.Build.0 = Release|Any CPU
	EndGlobalSection
	GlobalSection(SolutionProperties) = preSolution
		HideSolutionNode = FALSE
	EndGlobalSection
	GlobalSection(ExtensibilityGlobals) = postSolution
		SolutionGuid = {DCF214E4-4B87-4726-A130-BD9759134A10}
	EndGlobalSection
EndGlobal
